
Microsoft Visual Studio Solution File, Format Version 12.00
# Visual Studio 15
VisualStudioVersion = 15.0.27130.2027
MinimumVisualStudioVersion = 10.0.40219.1
Project("{2150E333-8FDC-42A3-9474-1A3956D46DE8}") = "01-Presentation", "01-Presentation", "{E4953CD8-6195-4E4F-B085-B2D09D950858}"
EndProject
Project("{2150E333-8FDC-42A3-9474-1A3956D46DE8}") = "02-Application", "02-Application", "{D1CCF749-EB29-4CC1-A443-9F59092C9A18}"
EndProject
Project("{2150E333-8FDC-42A3-9474-1A3956D46DE8}") = "03-Domain", "03-Domain", "{6C637F0C-FCE3-478C-87FB-12301756D2E8}"
EndProject
Project("{2150E333-8FDC-42A3-9474-1A3956D46DE8}") = "04-Infra", "04-Infra", "{7C8E89E4-C76A-47FA-AE7F-BB0E73816891}"
EndProject
Project("{2150E333-8FDC-42A3-9474-1A3956D46DE8}") = "CrossCutting", "CrossCutting", "{EC94C674-4668-4E90-93B1-C7C460246781}"
EndProject
Project("{2150E333-8FDC-42A3-9474-1A3956D46DE8}") = "Data", "Data", "{4E8020F5-4CE7-40A2-B6BA-E527F2B25363}"
EndProject
Project("{FAE04EC0-301F-11D3-BF4B-00C04F79EFBC}") = "Application", "Application\Application.csproj", "{2EB3B0BA-909B-4030-8B2D-6C331B237B34}"
EndProject
Project("{FAE04EC0-301F-11D3-BF4B-00C04F79EFBC}") = "Domain", "Domain\Domain.csproj", "{CDFD9BFE-B279-478E-8783-E21E00734A9B}"
EndProject
Project("{FAE04EC0-301F-11D3-BF4B-00C04F79EFBC}") = "Data", "Data\Data.csproj", "{06E38496-787B-47D1-AA8B-0D5287F3BB9A}"
EndProject
Project("{FAE04EC0-301F-11D3-BF4B-00C04F79EFBC}") = "IoC", "IoC\IoC.csproj", "{DDC014A6-6FAA-4270-8BCC-4D47475CCC56}"
EndProject
Project("{2150E333-8FDC-42A3-9474-1A3956D46DE8}") = "06 - Helpers", "06 - Helpers", "{BE53D742-31F3-4FC2-84BB-1C6CB9C44234}"
EndProject
Project("{FAE04EC0-301F-11D3-BF4B-00C04F79EFBC}") = "DevpartnerHelper", "DevpartnerHelper\DevpartnerHelper.csproj", "{C870B696-5CBF-448D-8E9D-8978A127AAF3}"
EndProject
Project("{2150E333-8FDC-42A3-9474-1A3956D46DE8}") = "07 - Exceptions", "07 - Exceptions", "{AD6D64B4-906E-4416-A2BB-D387C2FC34DE}"
EndProject
Project("{FAE04EC0-301F-11D3-BF4B-00C04F79EFBC}") = "Mapeamento", "Mapeamento\Mapeamento.csproj", "{E921D13C-3F89-450E-8DDE-B4F4A7DACDA2}"
EndProject
Project("{FAE04EC0-301F-11D3-BF4B-00C04F79EFBC}") = "WebAPI", "WebAPI\WebAPI.csproj", "{93FEB38B-B8F3-4F01-8022-AAA843C524B9}"
EndProject
Project("{FAE04EC0-301F-11D3-BF4B-00C04F79EFBC}") = "SystemUnitTest", "SystemUnitTest\SystemUnitTest.csproj", "{5053E224-5EA9-4397-B4E3-78892785795C}"
EndProject
Project("{2150E333-8FDC-42A3-9474-1A3956D46DE8}") = "08 - Tests", "08 - Tests", "{0461B5A0-89BB-4F78-BCAA-207B0AF26254}"
EndProject
Global
	GlobalSection(SolutionConfigurationPlatforms) = preSolution
		Debug|Any CPU = Debug|Any CPU
		Release|Any CPU = Release|Any CPU
	EndGlobalSection
	GlobalSection(ProjectConfigurationPlatforms) = postSolution
		{2EB3B0BA-909B-4030-8B2D-6C331B237B34}.Debug|Any CPU.ActiveCfg = Debug|Any CPU
		{2EB3B0BA-909B-4030-8B2D-6C331B237B34}.Debug|Any CPU.Build.0 = Debug|Any CPU
		{2EB3B0BA-909B-4030-8B2D-6C331B237B34}.Release|Any CPU.ActiveCfg = Release|Any CPU
		{2EB3B0BA-909B-4030-8B2D-6C331B237B34}.Release|Any CPU.Build.0 = Release|Any CPU
		{CDFD9BFE-B279-478E-8783-E21E00734A9B}.Debug|Any CPU.ActiveCfg = Debug|Any CPU
		{CDFD9BFE-B279-478E-8783-E21E00734A9B}.Debug|Any CPU.Build.0 = Debug|Any CPU
		{CDFD9BFE-B279-478E-8783-E21E00734A9B}.Release|Any CPU.ActiveCfg = Release|Any CPU
		{CDFD9BFE-B279-478E-8783-E21E00734A9B}.Release|Any CPU.Build.0 = Release|Any CPU
		{06E38496-787B-47D1-AA8B-0D5287F3BB9A}.Debug|Any CPU.ActiveCfg = Debug|Any CPU
		{06E38496-787B-47D1-AA8B-0D5287F3BB9A}.Debug|Any CPU.Build.0 = Debug|Any CPU
		{06E38496-787B-47D1-AA8B-0D5287F3BB9A}.Release|Any CPU.ActiveCfg = Release|Any CPU
		{06E38496-787B-47D1-AA8B-0D5287F3BB9A}.Release|Any CPU.Build.0 = Release|Any CPU
		{DDC014A6-6FAA-4270-8BCC-4D47475CCC56}.Debug|Any CPU.ActiveCfg = Debug|Any CPU
		{DDC014A6-6FAA-4270-8BCC-4D47475CCC56}.Debug|Any CPU.Build.0 = Debug|Any CPU
		{DDC014A6-6FAA-4270-8BCC-4D47475CCC56}.Release|Any CPU.ActiveCfg = Release|Any CPU
		{DDC014A6-6FAA-4270-8BCC-4D47475CCC56}.Release|Any CPU.Build.0 = Release|Any CPU
		{C870B696-5CBF-448D-8E9D-8978A127AAF3}.Debug|Any CPU.ActiveCfg = Debug|Any CPU
		{C870B696-5CBF-448D-8E9D-8978A127AAF3}.Debug|Any CPU.Build.0 = Debug|Any CPU
		{C870B696-5CBF-448D-8E9D-8978A127AAF3}.Release|Any CPU.ActiveCfg = Release|Any CPU
		{C870B696-5CBF-448D-8E9D-8978A127AAF3}.Release|Any CPU.Build.0 = Release|Any CPU
		{E921D13C-3F89-450E-8DDE-B4F4A7DACDA2}.Debug|Any CPU.ActiveCfg = Debug|Any CPU
		{E921D13C-3F89-450E-8DDE-B4F4A7DACDA2}.Debug|Any CPU.Build.0 = Debug|Any CPU
		{E921D13C-3F89-450E-8DDE-B4F4A7DACDA2}.Release|Any CPU.ActiveCfg = Release|Any CPU
		{E921D13C-3F89-450E-8DDE-B4F4A7DACDA2}.Release|Any CPU.Build.0 = Release|Any CPU
		{93FEB38B-B8F3-4F01-8022-AAA843C524B9}.Debug|Any CPU.ActiveCfg = Debug|Any CPU
		{93FEB38B-B8F3-4F01-8022-AAA843C524B9}.Debug|Any CPU.Build.0 = Debug|Any CPU
		{93FEB38B-B8F3-4F01-8022-AAA843C524B9}.Release|Any CPU.ActiveCfg = Release|Any CPU
		{93FEB38B-B8F3-4F01-8022-AAA843C524B9}.Release|Any CPU.Build.0 = Release|Any CPU
		{5053E224-5EA9-4397-B4E3-78892785795C}.Debug|Any CPU.ActiveCfg = Debug|Any CPU
		{5053E224-5EA9-4397-B4E3-78892785795C}.Debug|Any CPU.Build.0 = Debug|Any CPU
		{5053E224-5EA9-4397-B4E3-78892785795C}.Release|Any CPU.ActiveCfg = Release|Any CPU
		{5053E224-5EA9-4397-B4E3-78892785795C}.Release|Any CPU.Build.0 = Release|Any CPU
	EndGlobalSection
	GlobalSection(SolutionProperties) = preSolution
		HideSolutionNode = FALSE
	EndGlobalSection
	GlobalSection(NestedProjects) = preSolution
		{EC94C674-4668-4E90-93B1-C7C460246781} = {7C8E89E4-C76A-47FA-AE7F-BB0E73816891}
		{4E8020F5-4CE7-40A2-B6BA-E527F2B25363} = {7C8E89E4-C76A-47FA-AE7F-BB0E73816891}
		{2EB3B0BA-909B-4030-8B2D-6C331B237B34} = {D1CCF749-EB29-4CC1-A443-9F59092C9A18}
		{CDFD9BFE-B279-478E-8783-E21E00734A9B} = {6C637F0C-FCE3-478C-87FB-12301756D2E8}
		{06E38496-787B-47D1-AA8B-0D5287F3BB9A} = {4E8020F5-4CE7-40A2-B6BA-E527F2B25363}
		{DDC014A6-6FAA-4270-8BCC-4D47475CCC56} = {EC94C674-4668-4E90-93B1-C7C460246781}
		{C870B696-5CBF-448D-8E9D-8978A127AAF3} = {BE53D742-31F3-4FC2-84BB-1C6CB9C44234}
		{E921D13C-3F89-450E-8DDE-B4F4A7DACDA2} = {BE53D742-31F3-4FC2-84BB-1C6CB9C44234}
		{93FEB38B-B8F3-4F01-8022-AAA843C524B9} = {E4953CD8-6195-4E4F-B085-B2D09D950858}
		{5053E224-5EA9-4397-B4E3-78892785795C} = {0461B5A0-89BB-4F78-BCAA-207B0AF26254}
	EndGlobalSection
	GlobalSection(ExtensibilityGlobals) = postSolution
		SolutionGuid = {BE09984D-0B2B-4347-8E40-E6C71C52EBCA}
	EndGlobalSection
EndGlobal
